
Microsoft Visual Studio Solution File, Format Version 12.00
# Visual Studio Version 16
VisualStudioVersion = 16.0.33927.289
MinimumVisualStudioVersion = 10.0.40219.1
Project("{2150E333-8FDC-42A3-9474-1A3956D46DE8}") = "Task0", "Task0", "{4A0B7ECB-0705-4881-8A60-7CDF24D6E6FB}"
EndProject
Project("{FAE04EC0-301F-11D3-BF4B-00C04F79EFBC}") = "Tyuiu.GutsuAV.Sprint0.Task0.V0", "Tyuiu.GutsuAV.Sprint0.Task0.V0\Tyuiu.GutsuAV.Sprint0.Task0.V0.csproj", "{9FAC7592-94B8-4EDE-82A7-E34F7A1F7AF8}"
EndProject
Project("{2150E333-8FDC-42A3-9474-1A3956D46DE8}") = "Task1", "Task1", "{35CCF9B5-2AAC-4CF2-AAB5-CEBB1ABB95C6}"
EndProject
Project("{FAE04EC0-301F-11D3-BF4B-00C04F79EFBC}") = "Tyuiu.GutsuAV.Sprint0.Task1.V0", "Tyuiu.GutsuAV.Sprint0.Task1.V0\Tyuiu.GutsuAV.Sprint0.Task1.V0.csproj", "{83E34072-0B60-42EE-99CC-B2923AADBBF8}"
EndProject
Project("{2150E333-8FDC-42A3-9474-1A3956D46DE8}") = "Task2", "Task2", "{378F7234-D96B-41EF-B2E5-3E99D171C882}"
EndProject
Project("{FAE04EC0-301F-11D3-BF4B-00C04F79EFBC}") = "Tyuiu.GutsuAV.Sprint0.Task2.V0", "Tyuiu.GutsuAV.Sprint0.Task2.V0\Tyuiu.GutsuAV.Sprint0.Task2.V0.csproj", "{AE64BD70-C51C-4813-A352-E495F8528CC4}"
EndProject
Project("{FAE04EC0-301F-11D3-BF4B-00C04F79EFBC}") = "Tyuiu.GutsuAV.Sprint0.Task2.V0.Lib", "Tyuiu.GutsuAV.Sprint0.Task2.V0.Lib\Tyuiu.GutsuAV.Sprint0.Task2.V0.Lib.csproj", "{24B39B96-E8BC-4307-87F6-DBEE5CB83B60}"
EndProject
Project("{FAE04EC0-301F-11D3-BF4B-00C04F79EFBC}") = "Tyuiu.GutsuAV.Sprint0.Task2.V0.Test", "Tyuiu.GutsuAV.Sprint0.Task2.V0.Test\Tyuiu.GutsuAV.Sprint0.Task2.V0.Test.csproj", "{7E99C782-92DF-4F7C-875E-28B0E8C0C799}"
EndProject
Project("{2150E333-8FDC-42A3-9474-1A3956D46DE8}") = "Task3", "Task3", "{14FFE697-2394-4312-BF5A-2CEC28092505}"
EndProject
Project("{FAE04EC0-301F-11D3-BF4B-00C04F79EFBC}") = "Tyuiu.GutsuAV.Sprint0.Task3.V0", "Tyuiu.GutsuAV.Sprint0.Task3.V0\Tyuiu.GutsuAV.Sprint0.Task3.V0.csproj", "{629E4F7B-500E-466A-A33F-970CBECC5D0B}"
EndProject
Project("{FAE04EC0-301F-11D3-BF4B-00C04F79EFBC}") = "Tyuiu.GutsuAV.Sprint0.Task3.V0.Lib", "Tyuiu.GutsuAV.Sprint0.Task3.V0.Lib\Tyuiu.GutsuAV.Sprint0.Task3.V0.Lib.csproj", "{DAD42455-D51F-44D8-B54A-7B3A9C441FAE}"
EndProject
Project("{FAE04EC0-301F-11D3-BF4B-00C04F79EFBC}") = "Tyuiu.GutsuAV.Sprint0.Task3.V0.Test", "Tyuiu.GutsuAV.Sprint0.Task3.V0.Test\Tyuiu.GutsuAV.Sprint0.Task3.V0.Test.csproj", "{421C17BA-BEC5-4B2B-B4A2-81AB66461CD0}"
EndProject
Global
	GlobalSection(SolutionConfigurationPlatforms) = preSolution
		Debug|Any CPU = Debug|Any CPU
		Release|Any CPU = Release|Any CPU
	EndGlobalSection
	GlobalSection(ProjectConfigurationPlatforms) = postSolution
		{9FAC7592-94B8-4EDE-82A7-E34F7A1F7AF8}.Debug|Any CPU.ActiveCfg = Debug|Any CPU
		{9FAC7592-94B8-4EDE-82A7-E34F7A1F7AF8}.Debug|Any CPU.Build.0 = Debug|Any CPU
		{9FAC7592-94B8-4EDE-82A7-E34F7A1F7AF8}.Release|Any CPU.ActiveCfg = Release|Any CPU
		{9FAC7592-94B8-4EDE-82A7-E34F7A1F7AF8}.Release|Any CPU.Build.0 = Release|Any CPU
		{83E34072-0B60-42EE-99CC-B2923AADBBF8}.Debug|Any CPU.ActiveCfg = Debug|Any CPU
		{83E34072-0B60-42EE-99CC-B2923AADBBF8}.Debug|Any CPU.Build.0 = Debug|Any CPU
		{83E34072-0B60-42EE-99CC-B2923AADBBF8}.Release|Any CPU.ActiveCfg = Release|Any CPU
		{83E34072-0B60-42EE-99CC-B2923AADBBF8}.Release|Any CPU.Build.0 = Release|Any CPU
		{AE64BD70-C51C-4813-A352-E495F8528CC4}.Debug|Any CPU.ActiveCfg = Debug|Any CPU
		{AE64BD70-C51C-4813-A352-E495F8528CC4}.Debug|Any CPU.Build.0 = Debug|Any CPU
		{AE64BD70-C51C-4813-A352-E495F8528CC4}.Release|Any CPU.ActiveCfg = Release|Any CPU
		{AE64BD70-C51C-4813-A352-E495F8528CC4}.Release|Any CPU.Build.0 = Release|Any CPU
		{24B39B96-E8BC-4307-87F6-DBEE5CB83B60}.Debug|Any CPU.ActiveCfg = Debug|Any CPU
		{24B39B96-E8BC-4307-87F6-DBEE5CB83B60}.Debug|Any CPU.Build.0 = Debug|Any CPU
		{24B39B96-E8BC-4307-87F6-DBEE5CB83B60}.Release|Any CPU.ActiveCfg = Release|Any CPU
		{24B39B96-E8BC-4307-87F6-DBEE5CB83B60}.Release|Any CPU.Build.0 = Release|Any CPU
		{7E99C782-92DF-4F7C-875E-28B0E8C0C799}.Debug|Any CPU.ActiveCfg = Debug|Any CPU
		{7E99C782-92DF-4F7C-875E-28B0E8C0C799}.Debug|Any CPU.Build.0 = Debug|Any CPU
		{7E99C782-92DF-4F7C-875E-28B0E8C0C799}.Release|Any CPU.ActiveCfg = Release|Any CPU
		{7E99C782-92DF-4F7C-875E-28B0E8C0C799}.Release|Any CPU.Build.0 = Release|Any CPU
		{629E4F7B-500E-466A-A33F-970CBECC5D0B}.Debug|Any CPU.ActiveCfg = Debug|Any CPU
		{629E4F7B-500E-466A-A33F-970CBECC5D0B}.Debug|Any CPU.Build.0 = Debug|Any CPU
		{629E4F7B-500E-466A-A33F-970CBECC5D0B}.Release|Any CPU.ActiveCfg = Release|Any CPU
		{629E4F7B-500E-466A-A33F-970CBECC5D0B}.Release|Any CPU.Build.0 = Release|Any CPU
		{DAD42455-D51F-44D8-B54A-7B3A9C441FAE}.Debug|Any CPU.ActiveCfg = Debug|Any CPU
		{DAD42455-D51F-44D8-B54A-7B3A9C441FAE}.Debug|Any CPU.Build.0 = Debug|Any CPU
		{DAD42455-D51F-44D8-B54A-7B3A9C441FAE}.Release|Any CPU.ActiveCfg = Release|Any CPU
		{DAD42455-D51F-44D8-B54A-7B3A9C441FAE}.Release|Any CPU.Build.0 = Release|Any CPU
		{421C17BA-BEC5-4B2B-B4A2-81AB66461CD0}.Debug|Any CPU.ActiveCfg = Debug|Any CPU
		{421C17BA-BEC5-4B2B-B4A2-81AB66461CD0}.Debug|Any CPU.Build.0 = Debug|Any CPU
		{421C17BA-BEC5-4B2B-B4A2-81AB66461CD0}.Release|Any CPU.ActiveCfg = Release|Any CPU
		{421C17BA-BEC5-4B2B-B4A2-81AB66461CD0}.Release|Any CPU.Build.0 = Release|Any CPU
	EndGlobalSection
	GlobalSection(SolutionProperties) = preSolution
		HideSolutionNode = FALSE
	EndGlobalSection
	GlobalSection(NestedProjects) = preSolution
		{9FAC7592-94B8-4EDE-82A7-E34F7A1F7AF8} = {4A0B7ECB-0705-4881-8A60-7CDF24D6E6FB}
		{83E34072-0B60-42EE-99CC-B2923AADBBF8} = {35CCF9B5-2AAC-4CF2-AAB5-CEBB1ABB95C6}
		{AE64BD70-C51C-4813-A352-E495F8528CC4} = {378F7234-D96B-41EF-B2E5-3E99D171C882}
		{24B39B96-E8BC-4307-87F6-DBEE5CB83B60} = {378F7234-D96B-41EF-B2E5-3E99D171C882}
		{7E99C782-92DF-4F7C-875E-28B0E8C0C799} = {378F7234-D96B-41EF-B2E5-3E99D171C882}
		{629E4F7B-500E-466A-A33F-970CBECC5D0B} = {14FFE697-2394-4312-BF5A-2CEC28092505}
		{DAD42455-D51F-44D8-B54A-7B3A9C441FAE} = {14FFE697-2394-4312-BF5A-2CEC28092505}
		{421C17BA-BEC5-4B2B-B4A2-81AB66461CD0} = {14FFE697-2394-4312-BF5A-2CEC28092505}
	EndGlobalSection
	GlobalSection(ExtensibilityGlobals) = postSolution
		SolutionGuid = {7AFCDA84-1A29-46BD-B412-7D6A794B89F3}
	EndGlobalSection
EndGlobal
