
Microsoft Visual Studio Solution File, Format Version 12.00
# Visual Studio Version 16
VisualStudioVersion = 16.0.33927.289
MinimumVisualStudioVersion = 10.0.40219.1
Project("{2150E333-8FDC-42A3-9474-1A3956D46DE8}") = "Task0", "Task0", "{4A0B7ECB-0705-4881-8A60-7CDF24D6E6FB}"
EndProject
Project("{FAE04EC0-301F-11D3-BF4B-00C04F79EFBC}") = "Tyuiu.GutsuAV.Sprint0.Task0.V0", "Tyuiu.GutsuAV.Sprint0.Task0.V0\Tyuiu.GutsuAV.Sprint0.Task0.V0.csproj", "{9FAC7592-94B8-4EDE-82A7-E34F7A1F7AF8}"
EndProject
Project("{2150E333-8FDC-42A3-9474-1A3956D46DE8}") = "Task1", "Task1", "{35CCF9B5-2AAC-4CF2-AAB5-CEBB1ABB95C6}"
EndProject
Project("{FAE04EC0-301F-11D3-BF4B-00C04F79EFBC}") = "Tyuiu.GutsuAV.Sprint0.Task1.V0", "Tyuiu.GutsuAV.Sprint0.Task1.V0\Tyuiu.GutsuAV.Sprint0.Task1.V0.csproj", "{83E34072-0B60-42EE-99CC-B2923AADBBF8}"
EndProject
Global
	GlobalSection(SolutionConfigurationPlatforms) = preSolution
		Debug|Any CPU = Debug|Any CPU
		Release|Any CPU = Release|Any CPU
	EndGlobalSection
	GlobalSection(ProjectConfigurationPlatforms) = postSolution
		{9FAC7592-94B8-4EDE-82A7-E34F7A1F7AF8}.Debug|Any CPU.ActiveCfg = Debug|Any CPU
		{9FAC7592-94B8-4EDE-82A7-E34F7A1F7AF8}.Debug|Any CPU.Build.0 = Debug|Any CPU
		{9FAC7592-94B8-4EDE-82A7-E34F7A1F7AF8}.Release|Any CPU.ActiveCfg = Release|Any CPU
		{9FAC7592-94B8-4EDE-82A7-E34F7A1F7AF8}.Release|Any CPU.Build.0 = Release|Any CPU
		{83E34072-0B60-42EE-99CC-B2923AADBBF8}.Debug|Any CPU.ActiveCfg = Debug|Any CPU
		{83E34072-0B60-42EE-99CC-B2923AADBBF8}.Debug|Any CPU.Build.0 = Debug|Any CPU
		{83E34072-0B60-42EE-99CC-B2923AADBBF8}.Release|Any CPU.ActiveCfg = Release|Any CPU
		{83E34072-0B60-42EE-99CC-B2923AADBBF8}.Release|Any CPU.Build.0 = Release|Any CPU
	EndGlobalSection
	GlobalSection(SolutionProperties) = preSolution
		HideSolutionNode = FALSE
	EndGlobalSection
	GlobalSection(NestedProjects) = preSolution
		{9FAC7592-94B8-4EDE-82A7-E34F7A1F7AF8} = {4A0B7ECB-0705-4881-8A60-7CDF24D6E6FB}
		{83E34072-0B60-42EE-99CC-B2923AADBBF8} = {35CCF9B5-2AAC-4CF2-AAB5-CEBB1ABB95C6}
	EndGlobalSection
	GlobalSection(ExtensibilityGlobals) = postSolution
		SolutionGuid = {7AFCDA84-1A29-46BD-B412-7D6A794B89F3}
	EndGlobalSection
EndGlobal
